// !$*UTF8*$!
{
	archiveVersion = 1;
	classes = {
	};
	objectVersion = 46;
	objects = {

/* Begin PBXBuildFile section */
		FAC908011A8F4F46002BEE39 /* main.cpp in Sources */ = {isa = PBXBuildFile; fileRef = FAC908001A8F4F46002BEE39 /* main.cpp */; };
		FAC908091A90DCE6002BEE39 /* zlib_wrapper.cpp in Sources */ = {isa = PBXBuildFile; fileRef = FAC908071A90DCE6002BEE39 /* zlib_wrapper.cpp */; };
		FAC9080C1A90DD53002BEE39 /* endianness.cpp in Sources */ = {isa = PBXBuildFile; fileRef = FAC9080A1A90DD53002BEE39 /* endianness.cpp */; };
		FAC9080F1A90DDEA002BEE39 /* nbt_utils.cpp in Sources */ = {isa = PBXBuildFile; fileRef = FAC9080D1A90DDEA002BEE39 /* nbt_utils.cpp */; };
/* End PBXBuildFile section */

/* Begin PBXCopyFilesBuildPhase section */
		FAC907FB1A8F4F46002BEE39 /* CopyFiles */ = {
			isa = PBXCopyFilesBuildPhase;
			buildActionMask = 2147483647;
			dstPath = /usr/share/man/man1/;
			dstSubfolderSpec = 0;
			files = (
			);
			runOnlyForDeploymentPostprocessing = 1;
		};
/* End PBXCopyFilesBuildPhase section */

/* Begin PBXFileReference section */
		FAC907FD1A8F4F46002BEE39 /* nbt-utils */ = {isa = PBXFileReference; explicitFileType = "compiled.mach-o.executable"; includeInIndex = 0; path = "nbt-utils"; sourceTree = BUILT_PRODUCTS_DIR; };
		FAC908001A8F4F46002BEE39 /* main.cpp */ = {isa = PBXFileReference; lastKnownFileType = sourcecode.cpp.cpp; path = main.cpp; sourceTree = "<group>"; };
		FAC908071A90DCE6002BEE39 /* zlib_wrapper.cpp */ = {isa = PBXFileReference; fileEncoding = 4; lastKnownFileType = sourcecode.cpp.cpp; path = zlib_wrapper.cpp; sourceTree = "<group>"; };
		FAC908081A90DCE6002BEE39 /* zlib_wrapper.h */ = {isa = PBXFileReference; fileEncoding = 4; lastKnownFileType = sourcecode.c.h; path = zlib_wrapper.h; sourceTree = "<group>"; };
		FAC9080A1A90DD53002BEE39 /* endianness.cpp */ = {isa = PBXFileReference; fileEncoding = 4; lastKnownFileType = sourcecode.cpp.cpp; path = endianness.cpp; sourceTree = "<group>"; };
		FAC9080B1A90DD53002BEE39 /* endianness.h */ = {isa = PBXFileReference; fileEncoding = 4; lastKnownFileType = sourcecode.c.h; path = endianness.h; sourceTree = "<group>"; };
		FAC9080D1A90DDEA002BEE39 /* nbt_utils.cpp */ = {isa = PBXFileReference; fileEncoding = 4; lastKnownFileType = sourcecode.cpp.cpp; path = nbt_utils.cpp; sourceTree = "<group>"; };
		FAC9080E1A90DDEA002BEE39 /* nbt_utils.h */ = {isa = PBXFileReference; fileEncoding = 4; lastKnownFileType = sourcecode.c.h; path = nbt_utils.h; sourceTree = "<group>"; };
/* End PBXFileReference section */

/* Begin PBXFrameworksBuildPhase section */
		FAC907FA1A8F4F46002BEE39 /* Frameworks */ = {
			isa = PBXFrameworksBuildPhase;
			buildActionMask = 2147483647;
			files = (
			);
			runOnlyForDeploymentPostprocessing = 0;
		};
/* End PBXFrameworksBuildPhase section */

/* Begin PBXGroup section */
		FAC907F41A8F4F46002BEE39 = {
			isa = PBXGroup;
			children = (
				FAC907FF1A8F4F46002BEE39 /* nbt-utils */,
				FAC907FE1A8F4F46002BEE39 /* Products */,
			);
			sourceTree = "<group>";
		};
		FAC907FE1A8F4F46002BEE39 /* Products */ = {
			isa = PBXGroup;
			children = (
				FAC907FD1A8F4F46002BEE39 /* nbt-utils */,
			);
			name = Products;
			sourceTree = "<group>";
		};
		FAC907FF1A8F4F46002BEE39 /* nbt-utils */ = {
			isa = PBXGroup;
			children = (
				FAC908001A8F4F46002BEE39 /* main.cpp */,
				FAC9080D1A90DDEA002BEE39 /* nbt_utils.cpp */,
				FAC9080E1A90DDEA002BEE39 /* nbt_utils.h */,
				FAC9080A1A90DD53002BEE39 /* endianness.cpp */,
				FAC9080B1A90DD53002BEE39 /* endianness.h */,
				FAC908071A90DCE6002BEE39 /* zlib_wrapper.cpp */,
				FAC908081A90DCE6002BEE39 /* zlib_wrapper.h */,
			);
			path = "nbt-utils";
			sourceTree = "<group>";
		};
/* End PBXGroup section */

/* Begin PBXNativeTarget section */
		FAC907FC1A8F4F46002BEE39 /* nbt-utils */ = {
			isa = PBXNativeTarget;
			buildConfigurationList = FAC908041A8F4F46002BEE39 /* Build configuration list for PBXNativeTarget "nbt-utils" */;
			buildPhases = (
				FAC907F91A8F4F46002BEE39 /* Sources */,
				FAC907FA1A8F4F46002BEE39 /* Frameworks */,
				FAC907FB1A8F4F46002BEE39 /* CopyFiles */,
			);
			buildRules = (
			);
			dependencies = (
			);
			name = "nbt-utils";
			productName = "nbt-utils";
			productReference = FAC907FD1A8F4F46002BEE39 /* nbt-utils */;
			productType = "com.apple.product-type.tool";
		};
/* End PBXNativeTarget section */

/* Begin PBXProject section */
		FAC907F51A8F4F46002BEE39 /* Project object */ = {
			isa = PBXProject;
			attributes = {
				LastUpgradeCheck = 0610;
				ORGANIZATIONNAME = "Alexander Rath";
				TargetAttributes = {
					FAC907FC1A8F4F46002BEE39 = {
						CreatedOnToolsVersion = 6.1;
					};
				};
			};
			buildConfigurationList = FAC907F81A8F4F46002BEE39 /* Build configuration list for PBXProject "nbt-utils" */;
			compatibilityVersion = "Xcode 3.2";
			developmentRegion = English;
			hasScannedForEncodings = 0;
			knownRegions = (
				en,
			);
			mainGroup = FAC907F41A8F4F46002BEE39;
			productRefGroup = FAC907FE1A8F4F46002BEE39 /* Products */;
			projectDirPath = "";
			projectRoot = "";
			targets = (
				FAC907FC1A8F4F46002BEE39 /* nbt-utils */,
			);
		};
/* End PBXProject section */

/* Begin PBXSourcesBuildPhase section */
		FAC907F91A8F4F46002BEE39 /* Sources */ = {
			isa = PBXSourcesBuildPhase;
			buildActionMask = 2147483647;
			files = (
				FAC9080C1A90DD53002BEE39 /* endianness.cpp in Sources */,
				FAC908091A90DCE6002BEE39 /* zlib_wrapper.cpp in Sources */,
				FAC9080F1A90DDEA002BEE39 /* nbt_utils.cpp in Sources */,
				FAC908011A8F4F46002BEE39 /* main.cpp in Sources */,
			);
			runOnlyForDeploymentPostprocessing = 0;
		};
/* End PBXSourcesBuildPhase section */

/* Begin XCBuildConfiguration section */
		FAC908021A8F4F46002BEE39 /* Debug */ = {
			isa = XCBuildConfiguration;
			buildSettings = {
				ALWAYS_SEARCH_USER_PATHS = NO;
				CLANG_CXX_LANGUAGE_STANDARD = "gnu++0x";
				CLANG_CXX_LIBRARY = "libc++";
				CLANG_ENABLE_MODULES = YES;
				CLANG_ENABLE_OBJC_ARC = YES;
				CLANG_WARN_BOOL_CONVERSION = YES;
				CLANG_WARN_CONSTANT_CONVERSION = YES;
				CLANG_WARN_DIRECT_OBJC_ISA_USAGE = YES_ERROR;
				CLANG_WARN_EMPTY_BODY = YES;
				CLANG_WARN_ENUM_CONVERSION = YES;
				CLANG_WARN_INT_CONVERSION = YES;
				CLANG_WARN_OBJC_ROOT_CLASS = YES_ERROR;
				CLANG_WARN_UNREACHABLE_CODE = YES;
				CLANG_WARN__DUPLICATE_METHOD_MATCH = YES;
				COPY_PHASE_STRIP = NO;
				ENABLE_STRICT_OBJC_MSGSEND = YES;
				GCC_C_LANGUAGE_STANDARD = gnu99;
				GCC_DYNAMIC_NO_PIC = NO;
				GCC_OPTIMIZATION_LEVEL = 0;
				GCC_PREPROCESSOR_DEFINITIONS = (
					"DEBUG=1",
					"$(inherited)",
				);
				GCC_SYMBOLS_PRIVATE_EXTERN = NO;
				GCC_WARN_64_TO_32_BIT_CONVERSION = YES;
				GCC_WARN_ABOUT_RETURN_TYPE = YES_ERROR;
				GCC_WARN_UNDECLARED_SELECTOR = YES;
				GCC_WARN_UNINITIALIZED_AUTOS = YES_AGGRESSIVE;
				GCC_WARN_UNUSED_FUNCTION = YES;
				GCC_WARN_UNUSED_VARIABLE = YES;
				MACOSX_DEPLOYMENT_TARGET = 10.9;
				MTL_ENABLE_DEBUG_INFO = YES;
				ONLY_ACTIVE_ARCH = YES;
				SDKROOT = macosx;
			};
			name = Debug;
		};
		FAC908031A8F4F46002BEE39 /* Release */ = {
			isa = XCBuildConfiguration;
			buildSettings = {
				ALWAYS_SEARCH_USER_PATHS = NO;
				CLANG_CXX_LANGUAGE_STANDARD = "gnu++0x";
				CLANG_CXX_LIBRARY = "libc++";
				CLANG_ENABLE_MODULES = YES;
				CLANG_ENABLE_OBJC_ARC = YES;
				CLANG_WARN_BOOL_CONVERSION = YES;
				CLANG_WARN_CONSTANT_CONVERSION = YES;
				CLANG_WARN_DIRECT_OBJC_ISA_USAGE = YES_ERROR;
				CLANG_WARN_EMPTY_BODY = YES;
				CLANG_WARN_ENUM_CONVERSION = YES;
				CLANG_WARN_INT_CONVERSION = YES;
				CLANG_WARN_OBJC_ROOT_CLASS = YES_ERROR;
				CLANG_WARN_UNREACHABLE_CODE = YES;
				CLANG_WARN__DUPLICATE_METHOD_MATCH = YES;
				COPY_PHASE_STRIP = YES;
				DEBUG_INFORMATION_FORMAT = "dwarf-with-dsym";
				ENABLE_NS_ASSERTIONS = NO;
				ENABLE_STRICT_OBJC_MSGSEND = YES;
				GCC_C_LANGUAGE_STANDARD = gnu99;
				GCC_WARN_64_TO_32_BIT_CONVERSION = YES;
				GCC_WARN_ABOUT_RETURN_TYPE = YES_ERROR;
				GCC_WARN_UNDECLARED_SELECTOR = YES;
				GCC_WARN_UNINITIALIZED_AUTOS = YES_AGGRESSIVE;
				GCC_WARN_UNUSED_FUNCTION = YES;
				GCC_WARN_UNUSED_VARIABLE = YES;
				MACOSX_DEPLOYMENT_TARGET = 10.9;
				MTL_ENABLE_DEBUG_INFO = NO;
				SDKROOT = macosx;
			};
			name = Release;
		};
		FAC908051A8F4F46002BEE39 /* Debug */ = {
			isa = XCBuildConfiguration;
			buildSettings = {
				OTHER_LDFLAGS = "-lz";
				PRODUCT_NAME = "$(TARGET_NAME)";
			};
			name = Debug;
		};
		FAC908061A8F4F46002BEE39 /* Release */ = {
			isa = XCBuildConfiguration;
			buildSettings = {
				OTHER_LDFLAGS = "-lz";
				PRODUCT_NAME = "$(TARGET_NAME)";
			};
			name = Release;
		};
/* End XCBuildConfiguration section */

/* Begin XCConfigurationList section */
		FAC907F81A8F4F46002BEE39 /* Build configuration list for PBXProject "nbt-utils" */ = {
			isa = XCConfigurationList;
			buildConfigurations = (
				FAC908021A8F4F46002BEE39 /* Debug */,
				FAC908031A8F4F46002BEE39 /* Release */,
			);
			defaultConfigurationIsVisible = 0;
			defaultConfigurationName = Release;
		};
		FAC908041A8F4F46002BEE39 /* Build configuration list for PBXNativeTarget "nbt-utils" */ = {
			isa = XCConfigurationList;
			buildConfigurations = (
				FAC908051A8F4F46002BEE39 /* Debug */,
				FAC908061A8F4F46002BEE39 /* Release */,
			);
			defaultConfigurationIsVisible = 0;
		};
/* End XCConfigurationList section */
	};
	rootObject = FAC907F51A8F4F46002BEE39 /* Project object */;
}
